// !$*UTF8*$!
{
	archiveVersion = 1;
	classes = {
	};
	objectVersion = 46;
	objects = {

/* Begin PBXBuildFile section */
		0BB3E47C511A732DBADF4368 /* Pods_VOLA.framework in Frameworks */ = {isa = PBXBuildFile; fileRef = FAB96D24D46EF19DA208E1B1 /* Pods_VOLA.framework */; };
		754C460A1EDED11400E2F848 /* AppDelegate.swift in Sources */ = {isa = PBXBuildFile; fileRef = 754C46091EDED11400E2F848 /* AppDelegate.swift */; };
		754C460F1EDED11400E2F848 /* Main.storyboard in Resources */ = {isa = PBXBuildFile; fileRef = 754C460D1EDED11400E2F848 /* Main.storyboard */; };
		754C46111EDED11400E2F848 /* Assets.xcassets in Resources */ = {isa = PBXBuildFile; fileRef = 754C46101EDED11400E2F848 /* Assets.xcassets */; };
		754C46141EDED11400E2F848 /* LaunchScreen.storyboard in Resources */ = {isa = PBXBuildFile; fileRef = 754C46121EDED11400E2F848 /* LaunchScreen.storyboard */; };
		754C461F1EDED11400E2F848 /* VOLATests.swift in Sources */ = {isa = PBXBuildFile; fileRef = 754C461E1EDED11400E2F848 /* VOLATests.swift */; };
		754C46341EDED23A00E2F848 /* Date.swift in Sources */ = {isa = PBXBuildFile; fileRef = 754C46321EDED23A00E2F848 /* Date.swift */; };
		754C46351EDED23A00E2F848 /* Int+Date.swift in Sources */ = {isa = PBXBuildFile; fileRef = 754C46331EDED23A00E2F848 /* Int+Date.swift */; };
		754C463C1EDED2D600E2F848 /* UIView.swift in Sources */ = {isa = PBXBuildFile; fileRef = 754C46381EDED2D600E2F848 /* UIView.swift */; };
		754C463D1EDED2D600E2F848 /* AppDelegateExtension.swift in Sources */ = {isa = PBXBuildFile; fileRef = 754C46391EDED2D600E2F848 /* AppDelegateExtension.swift */; };
		754C463E1EDED2D600E2F848 /* UIColor.swift in Sources */ = {isa = PBXBuildFile; fileRef = 754C463A1EDED2D600E2F848 /* UIColor.swift */; };
		754C463F1EDED2D600E2F848 /* UIKit+Localization.swift in Sources */ = {isa = PBXBuildFile; fileRef = 754C463B1EDED2D600E2F848 /* UIKit+Localization.swift */; };
		754C46421EDED30A00E2F848 /* NSObject.swift in Sources */ = {isa = PBXBuildFile; fileRef = 754C46401EDED30A00E2F848 /* NSObject.swift */; };
		754C46461EDED34C00E2F848 /* ReachabilityManager.swift in Sources */ = {isa = PBXBuildFile; fileRef = 754C46451EDED34C00E2F848 /* ReachabilityManager.swift */; };
		754C46511EDED39800E2F848 /* Logger.swift in Sources */ = {isa = PBXBuildFile; fileRef = 754C464C1EDED39800E2F848 /* Logger.swift */; };
		754C46531EDED42F00E2F848 /* Theme+Colors.swift in Sources */ = {isa = PBXBuildFile; fileRef = 754C46521EDED42F00E2F848 /* Theme+Colors.swift */; };
		754C46551EDED46700E2F848 /* Theme+Style.swift in Sources */ = {isa = PBXBuildFile; fileRef = 754C46541EDED46700E2F848 /* Theme+Style.swift */; };
		754C46571EDED48800E2F848 /* Theme+Fonts.swift in Sources */ = {isa = PBXBuildFile; fileRef = 754C46561EDED48800E2F848 /* Theme+Fonts.swift */; };
		754C465A1EDED5B400E2F848 /* UITableView.swift in Sources */ = {isa = PBXBuildFile; fileRef = 754C46591EDED5B300E2F848 /* UITableView.swift */; };
		F929202F1EEFDDD40055DA69 /* DataManagerUnitTests.swift in Sources */ = {isa = PBXBuildFile; fileRef = F929202E1EEFDDD40055DA69 /* DataManagerUnitTests.swift */; };
		F92920321EEFF18B0055DA69 /* EventTableViewController.swift in Sources */ = {isa = PBXBuildFile; fileRef = F92920301EEFF18B0055DA69 /* EventTableViewController.swift */; };
		F92920331EEFF18B0055DA69 /* EventTableViewController.xib in Resources */ = {isa = PBXBuildFile; fileRef = F92920311EEFF18B0055DA69 /* EventTableViewController.xib */; };
		F92920361EEFF2660055DA69 /* EventImageCell.swift in Sources */ = {isa = PBXBuildFile; fileRef = F92920341EEFF2660055DA69 /* EventImageCell.swift */; };
		F92920371EEFF2660055DA69 /* EventImageCell.xib in Resources */ = {isa = PBXBuildFile; fileRef = F92920351EEFF2660055DA69 /* EventImageCell.xib */; };
		F929203A1EEFF3C30055DA69 /* RegisteredCell.swift in Sources */ = {isa = PBXBuildFile; fileRef = F92920381EEFF3C30055DA69 /* RegisteredCell.swift */; };
		F929203B1EEFF3C30055DA69 /* RegisteredCell.xib in Resources */ = {isa = PBXBuildFile; fileRef = F92920391EEFF3C30055DA69 /* RegisteredCell.xib */; };
		F929203D1EF003D60055DA69 /* Event.swift in Sources */ = {isa = PBXBuildFile; fileRef = F929203C1EF003D60055DA69 /* Event.swift */; };
		F929203E1EF003D60055DA69 /* Event.swift in Sources */ = {isa = PBXBuildFile; fileRef = F929203C1EF003D60055DA69 /* Event.swift */; };
		F92920401EF0051F0055DA69 /* Location.swift in Sources */ = {isa = PBXBuildFile; fileRef = F929203F1EF0051F0055DA69 /* Location.swift */; };
		F92920411EF0051F0055DA69 /* Location.swift in Sources */ = {isa = PBXBuildFile; fileRef = F929203F1EF0051F0055DA69 /* Location.swift */; };
		F92920421EF008B20055DA69 /* EventTableViewController.swift in Sources */ = {isa = PBXBuildFile; fileRef = F92920301EEFF18B0055DA69 /* EventTableViewController.swift */; };
		F92920441EF0395D0055DA69 /* ETouchesAPIService.swift in Sources */ = {isa = PBXBuildFile; fileRef = F92920431EF0395D0055DA69 /* ETouchesAPIService.swift */; };
		F92920451EF0395D0055DA69 /* ETouchesAPIService.swift in Sources */ = {isa = PBXBuildFile; fileRef = F92920431EF0395D0055DA69 /* ETouchesAPIService.swift */; };
		F92920471EF045900055DA69 /* EventRegistrationViewController.swift in Sources */ = {isa = PBXBuildFile; fileRef = F92920461EF045900055DA69 /* EventRegistrationViewController.swift */; };
		F92920481EF045900055DA69 /* EventRegistrationViewController.swift in Sources */ = {isa = PBXBuildFile; fileRef = F92920461EF045900055DA69 /* EventRegistrationViewController.swift */; };
		F929204C1EF14B7D0055DA69 /* LoginManagerUnitTests.swift in Sources */ = {isa = PBXBuildFile; fileRef = F929204B1EF14B7D0055DA69 /* LoginManagerUnitTests.swift */; };
		F929204E1EF181B10055DA69 /* String.swift in Sources */ = {isa = PBXBuildFile; fileRef = F929204D1EF181B10055DA69 /* String.swift */; };
		F953BFF61EE6D3BD001302F1 /* UIStoryboard.swift in Sources */ = {isa = PBXBuildFile; fileRef = F953BFF51EE6D3BD001302F1 /* UIStoryboard.swift */; };
		F98807E41EF1D7BE00589A23 /* GoogleService-Info.plist in Resources */ = {isa = PBXBuildFile; fileRef = F98807E31EF1D7BE00589A23 /* GoogleService-Info.plist */; };
		F98807E61EF269FC00589A23 /* EventDetailViewController.xib in Resources */ = {isa = PBXBuildFile; fileRef = F98807E51EF269FC00589A23 /* EventDetailViewController.xib */; };
		F98807E81EF26A2800589A23 /* EventDetailViewController.swift in Sources */ = {isa = PBXBuildFile; fileRef = F98807E71EF26A2800589A23 /* EventDetailViewController.swift */; };
		F98807EA1EF3DF9700589A23 /* VLCheckbox.swift in Sources */ = {isa = PBXBuildFile; fileRef = F98807E91EF3DF9700589A23 /* VLCheckbox.swift */; };
		F98807EE1EF4005E00589A23 /* SocialNetworkingAuthenticationStrategy.swift in Sources */ = {isa = PBXBuildFile; fileRef = F98807ED1EF4005E00589A23 /* SocialNetworkingAuthenticationStrategy.swift */; };
		F98807EF1EF405A700589A23 /* SocialNetworkingAuthenticationStrategy.swift in Sources */ = {isa = PBXBuildFile; fileRef = F98807ED1EF4005E00589A23 /* SocialNetworkingAuthenticationStrategy.swift */; };
		F98807F01EF4063500589A23 /* VLCheckbox.swift in Sources */ = {isa = PBXBuildFile; fileRef = F98807E91EF3DF9700589A23 /* VLCheckbox.swift */; };
		F98807F11EF4067E00589A23 /* EventDetailViewController.xib in Resources */ = {isa = PBXBuildFile; fileRef = F98807E51EF269FC00589A23 /* EventDetailViewController.xib */; };
		F98807F21EF4068300589A23 /* EventDetailViewController.swift in Sources */ = {isa = PBXBuildFile; fileRef = F98807E71EF26A2800589A23 /* EventDetailViewController.swift */; };
		F98807F31EF4068900589A23 /* EventTableViewController.xib in Resources */ = {isa = PBXBuildFile; fileRef = F92920311EEFF18B0055DA69 /* EventTableViewController.xib */; };
		F9A377FB1EE5818900299FD3 /* DataManager.swift in Sources */ = {isa = PBXBuildFile; fileRef = F9A377FA1EE5818900299FD3 /* DataManager.swift */; };
		F9A377FC1EE5818900299FD3 /* DataManager.swift in Sources */ = {isa = PBXBuildFile; fileRef = F9A377FA1EE5818900299FD3 /* DataManager.swift */; };
		F9A501B91EE75AEF00AB7E9E /* LoginNavigationController.swift in Sources */ = {isa = PBXBuildFile; fileRef = F9A501B81EE75AEF00AB7E9E /* LoginNavigationController.swift */; };
		F9A501BA1EE75AEF00AB7E9E /* LoginNavigationController.swift in Sources */ = {isa = PBXBuildFile; fileRef = F9A501B81EE75AEF00AB7E9E /* LoginNavigationController.swift */; };
		F9A501BE1EE7600100AB7E9E /* Localizable.strings in Resources */ = {isa = PBXBuildFile; fileRef = F9A501C11EE7600100AB7E9E /* Localizable.strings */; };
		F9A501BF1EE7600100AB7E9E /* Localizable.strings in Resources */ = {isa = PBXBuildFile; fileRef = F9A501C11EE7600100AB7E9E /* Localizable.strings */; };
		F9A501CA1EE7659300AB7E9E /* Login.storyboard in Resources */ = {isa = PBXBuildFile; fileRef = F9A501CC1EE7659300AB7E9E /* Login.storyboard */; };
		F9A501D01EE7689400AB7E9E /* VLHyperLabel.swift in Sources */ = {isa = PBXBuildFile; fileRef = F9A501CF1EE7689400AB7E9E /* VLHyperLabel.swift */; };
		F9A501D21EE7E97B00AB7E9E /* Errors.swift in Sources */ = {isa = PBXBuildFile; fileRef = F9A501D11EE7E97B00AB7E9E /* Errors.swift */; };
		F9A501D61EE871BE00AB7E9E /* VLTextField.swift in Sources */ = {isa = PBXBuildFile; fileRef = F9A501D51EE871BE00AB7E9E /* VLTextField.swift */; };
		F9A501D81EE8728800AB7E9E /* InputValidation.swift in Sources */ = {isa = PBXBuildFile; fileRef = F9A501D71EE8728800AB7E9E /* InputValidation.swift */; };
		F9A501DB1EEB31E500AB7E9E /* VLViewController.swift in Sources */ = {isa = PBXBuildFile; fileRef = F9A501DA1EEB31E500AB7E9E /* VLViewController.swift */; };
		F9A501DC1EEB31E500AB7E9E /* VLViewController.swift in Sources */ = {isa = PBXBuildFile; fileRef = F9A501DA1EEB31E500AB7E9E /* VLViewController.swift */; };
		F9A501DE1EEBED4800AB7E9E /* ProfileViewController.swift in Sources */ = {isa = PBXBuildFile; fileRef = F9A501DD1EEBED4800AB7E9E /* ProfileViewController.swift */; };
		F9A501E01EEC2EE000AB7E9E /* EditProfileViewController.swift in Sources */ = {isa = PBXBuildFile; fileRef = F9A501DF1EEC2EE000AB7E9E /* EditProfileViewController.swift */; };
		F9A501E11EEC2EE000AB7E9E /* EditProfileViewController.swift in Sources */ = {isa = PBXBuildFile; fileRef = F9A501DF1EEC2EE000AB7E9E /* EditProfileViewController.swift */; };
		F9A501E31EEC44EC00AB7E9E /* IntroductionViewController.swift in Sources */ = {isa = PBXBuildFile; fileRef = F9A501E21EEC44EB00AB7E9E /* IntroductionViewController.swift */; };
		F9A501E41EEC44EC00AB7E9E /* IntroductionViewController.swift in Sources */ = {isa = PBXBuildFile; fileRef = F9A501E21EEC44EB00AB7E9E /* IntroductionViewController.swift */; };
		F9A501E61EEC463500AB7E9E /* IntroSlideView.xib in Resources */ = {isa = PBXBuildFile; fileRef = F9A501E51EEC463500AB7E9E /* IntroSlideView.xib */; };
		F9A501E71EEC463500AB7E9E /* IntroSlideView.xib in Resources */ = {isa = PBXBuildFile; fileRef = F9A501E51EEC463500AB7E9E /* IntroSlideView.xib */; };
		F9A501E91EEC465500AB7E9E /* IntroSlideView.swift in Sources */ = {isa = PBXBuildFile; fileRef = F9A501E81EEC465500AB7E9E /* IntroSlideView.swift */; };
		F9A501EA1EEC465500AB7E9E /* IntroSlideView.swift in Sources */ = {isa = PBXBuildFile; fileRef = F9A501E81EEC465500AB7E9E /* IntroSlideView.swift */; };
		F9A501EF1EEC4AD400AB7E9E /* VLTabBarController.swift in Sources */ = {isa = PBXBuildFile; fileRef = F9A501EE1EEC4AD400AB7E9E /* VLTabBarController.swift */; };
		F9A501F01EEC4AD400AB7E9E /* VLTabBarController.swift in Sources */ = {isa = PBXBuildFile; fileRef = F9A501EE1EEC4AD400AB7E9E /* VLTabBarController.swift */; };
		F9A501F21EEC4B7800AB7E9E /* HomeViewController.swift in Sources */ = {isa = PBXBuildFile; fileRef = F9A501F11EEC4B7800AB7E9E /* HomeViewController.swift */; };
		F9A501F31EEC4B7800AB7E9E /* HomeViewController.swift in Sources */ = {isa = PBXBuildFile; fileRef = F9A501F11EEC4B7800AB7E9E /* HomeViewController.swift */; };
		F9A501F51EEEC39F00AB7E9E /* Profile.storyboard in Resources */ = {isa = PBXBuildFile; fileRef = F9A501F41EEEC39F00AB7E9E /* Profile.storyboard */; };
		F9A501F61EEEC39F00AB7E9E /* Profile.storyboard in Resources */ = {isa = PBXBuildFile; fileRef = F9A501F41EEEC39F00AB7E9E /* Profile.storyboard */; };
		F9A501F81EEEC59C00AB7E9E /* Home.storyboard in Resources */ = {isa = PBXBuildFile; fileRef = F9A501F71EEEC59C00AB7E9E /* Home.storyboard */; };
		F9A501F91EEEC59C00AB7E9E /* Home.storyboard in Resources */ = {isa = PBXBuildFile; fileRef = F9A501F71EEEC59C00AB7E9E /* Home.storyboard */; };
		F9A501FB1EEEC67700AB7E9E /* Calendar.storyboard in Resources */ = {isa = PBXBuildFile; fileRef = F9A501FA1EEEC67700AB7E9E /* Calendar.storyboard */; };
		F9A501FC1EEEC67700AB7E9E /* Calendar.storyboard in Resources */ = {isa = PBXBuildFile; fileRef = F9A501FA1EEEC67700AB7E9E /* Calendar.storyboard */; };
		F9A501FE1EEECCE200AB7E9E /* InputValidationUnitTests.swift in Sources */ = {isa = PBXBuildFile; fileRef = F9A501FD1EEECCE200AB7E9E /* InputValidationUnitTests.swift */; };
		F9A502011EEED00600AB7E9E /* Logger.swift in Sources */ = {isa = PBXBuildFile; fileRef = 754C464C1EDED39800E2F848 /* Logger.swift */; };
		F9A502021EEED00600AB7E9E /* ReachabilityManager.swift in Sources */ = {isa = PBXBuildFile; fileRef = 754C46451EDED34C00E2F848 /* ReachabilityManager.swift */; };
		F9A502031EEED00600AB7E9E /* Completions.swift in Sources */ = {isa = PBXBuildFile; fileRef = F9B234921EE6DF8400884E4E /* Completions.swift */; };
		F9A502041EEED00600AB7E9E /* InputValidation.swift in Sources */ = {isa = PBXBuildFile; fileRef = F9A501D71EE8728800AB7E9E /* InputValidation.swift */; };
		F9A502051EEED00D00AB7E9E /* LoginManualViewController.swift in Sources */ = {isa = PBXBuildFile; fileRef = F9ADA1291EDF3CAC006C7FF1 /* LoginManualViewController.swift */; };
		F9A502061EEED00D00AB7E9E /* LoginViewController.swift in Sources */ = {isa = PBXBuildFile; fileRef = F9ADA1271EDF39D4006C7FF1 /* LoginViewController.swift */; };
		F9A502071EEED00D00AB7E9E /* ProfileViewController.swift in Sources */ = {isa = PBXBuildFile; fileRef = F9A501DD1EEBED4800AB7E9E /* ProfileViewController.swift */; };
		F9A502101EEED01F00AB7E9E /* UITableView.swift in Sources */ = {isa = PBXBuildFile; fileRef = 754C46591EDED5B300E2F848 /* UITableView.swift */; };
		F9A502111EEED01F00AB7E9E /* UIView.swift in Sources */ = {isa = PBXBuildFile; fileRef = 754C46381EDED2D600E2F848 /* UIView.swift */; };
		F9A502121EEED01F00AB7E9E /* AppDelegateExtension.swift in Sources */ = {isa = PBXBuildFile; fileRef = 754C46391EDED2D600E2F848 /* AppDelegateExtension.swift */; };
		F9A502131EEED01F00AB7E9E /* UIColor.swift in Sources */ = {isa = PBXBuildFile; fileRef = 754C463A1EDED2D600E2F848 /* UIColor.swift */; };
		F9A502141EEED01F00AB7E9E /* UIKit+Localization.swift in Sources */ = {isa = PBXBuildFile; fileRef = 754C463B1EDED2D600E2F848 /* UIKit+Localization.swift */; };
		F9A502151EEED01F00AB7E9E /* UIStoryboard.swift in Sources */ = {isa = PBXBuildFile; fileRef = F953BFF51EE6D3BD001302F1 /* UIStoryboard.swift */; };
		F9A502161EEED01F00AB7E9E /* UIViewController.swift in Sources */ = {isa = PBXBuildFile; fileRef = F9B2348D1EE6D72500884E4E /* UIViewController.swift */; };
		F9A502171EEED01F00AB7E9E /* VLHyperLabel.swift in Sources */ = {isa = PBXBuildFile; fileRef = F9A501CF1EE7689400AB7E9E /* VLHyperLabel.swift */; };
		F9A502181EEED01F00AB7E9E /* VLTextField.swift in Sources */ = {isa = PBXBuildFile; fileRef = F9A501D51EE871BE00AB7E9E /* VLTextField.swift */; };
		F9A502191EEED02300AB7E9E /* NSObject.swift in Sources */ = {isa = PBXBuildFile; fileRef = 754C46401EDED30A00E2F848 /* NSObject.swift */; };
		F9A5021A1EEED02300AB7E9E /* Date.swift in Sources */ = {isa = PBXBuildFile; fileRef = 754C46321EDED23A00E2F848 /* Date.swift */; };
		F9A5021B1EEED02300AB7E9E /* Int+Date.swift in Sources */ = {isa = PBXBuildFile; fileRef = 754C46331EDED23A00E2F848 /* Int+Date.swift */; };
		F9A5021C1EEED02300AB7E9E /* Errors.swift in Sources */ = {isa = PBXBuildFile; fileRef = F9A501D11EE7E97B00AB7E9E /* Errors.swift */; };
		F9A5021D1EEED03800AB7E9E /* Login.storyboard in Resources */ = {isa = PBXBuildFile; fileRef = F9A501CC1EE7659300AB7E9E /* Login.storyboard */; };
		F9A5021E1EEED03D00AB7E9E /* Main.storyboard in Resources */ = {isa = PBXBuildFile; fileRef = 754C460D1EDED11400E2F848 /* Main.storyboard */; };
		F9A5021F1EEED06C00AB7E9E /* AppDelegate.swift in Sources */ = {isa = PBXBuildFile; fileRef = 754C46091EDED11400E2F848 /* AppDelegate.swift */; };
		F9A502201EEED33D00AB7E9E /* Assets.xcassets in Resources */ = {isa = PBXBuildFile; fileRef = 754C46101EDED11400E2F848 /* Assets.xcassets */; };
		F9A502211EEED34100AB7E9E /* LaunchScreen.storyboard in Resources */ = {isa = PBXBuildFile; fileRef = 754C46121EDED11400E2F848 /* LaunchScreen.storyboard */; };
		F9A502221EEED34500AB7E9E /* Theme+Colors.swift in Sources */ = {isa = PBXBuildFile; fileRef = 754C46521EDED42F00E2F848 /* Theme+Colors.swift */; };
		F9A502231EEED34500AB7E9E /* Theme+Style.swift in Sources */ = {isa = PBXBuildFile; fileRef = 754C46541EDED46700E2F848 /* Theme+Style.swift */; };
		F9A502241EEED34500AB7E9E /* Theme+Fonts.swift in Sources */ = {isa = PBXBuildFile; fileRef = 754C46561EDED48800E2F848 /* Theme+Fonts.swift */; };
		F9A502261EEEDC2A00AB7E9E /* UIScrollView.swift in Sources */ = {isa = PBXBuildFile; fileRef = F9A502251EEEDC2A00AB7E9E /* UIScrollView.swift */; };
		F9A502271EEEDC2A00AB7E9E /* UIScrollView.swift in Sources */ = {isa = PBXBuildFile; fileRef = F9A502251EEEDC2A00AB7E9E /* UIScrollView.swift */; };
		F9A502291EEEFBA000AB7E9E /* Intro.swift in Sources */ = {isa = PBXBuildFile; fileRef = F9A502281EEEFBA000AB7E9E /* Intro.swift */; };
		F9A5022A1EEEFBA000AB7E9E /* Intro.swift in Sources */ = {isa = PBXBuildFile; fileRef = F9A502281EEEFBA000AB7E9E /* Intro.swift */; };
		F9A5022C1EEF0D3F00AB7E9E /* UserDefaults.swift in Sources */ = {isa = PBXBuildFile; fileRef = F9A5022B1EEF0D3F00AB7E9E /* UserDefaults.swift */; };
		F9A5022D1EEF0D3F00AB7E9E /* UserDefaults.swift in Sources */ = {isa = PBXBuildFile; fileRef = F9A5022B1EEF0D3F00AB7E9E /* UserDefaults.swift */; };
		F9A5022F1EEF273E00AB7E9E /* XIBInstantiable.swift in Sources */ = {isa = PBXBuildFile; fileRef = F9A5022E1EEF273E00AB7E9E /* XIBInstantiable.swift */; };
		F9A502301EEF273E00AB7E9E /* XIBInstantiable.swift in Sources */ = {isa = PBXBuildFile; fileRef = F9A5022E1EEF273E00AB7E9E /* XIBInstantiable.swift */; };
		F9ADA1281EDF39D4006C7FF1 /* LoginViewController.swift in Sources */ = {isa = PBXBuildFile; fileRef = F9ADA1271EDF39D4006C7FF1 /* LoginViewController.swift */; };
		F9ADA12A1EDF3CAC006C7FF1 /* LoginManualViewController.swift in Sources */ = {isa = PBXBuildFile; fileRef = F9ADA1291EDF3CAC006C7FF1 /* LoginManualViewController.swift */; };
		F9ADA12F1EE2CE53006C7FF1 /* SignUpViewController.swift in Sources */ = {isa = PBXBuildFile; fileRef = F9ADA12E1EE2CE53006C7FF1 /* SignUpViewController.swift */; };
		F9ADA1301EE2CE53006C7FF1 /* SignUpViewController.swift in Sources */ = {isa = PBXBuildFile; fileRef = F9ADA12E1EE2CE53006C7FF1 /* SignUpViewController.swift */; };
		F9ADA1321EE33CEE006C7FF1 /* User.swift in Sources */ = {isa = PBXBuildFile; fileRef = F9ADA1311EE33CEE006C7FF1 /* User.swift */; };
		F9ADA1331EE33CEE006C7FF1 /* User.swift in Sources */ = {isa = PBXBuildFile; fileRef = F9ADA1311EE33CEE006C7FF1 /* User.swift */; };
		F9B2348E1EE6D72500884E4E /* UIViewController.swift in Sources */ = {isa = PBXBuildFile; fileRef = F9B2348D1EE6D72500884E4E /* UIViewController.swift */; };
		F9B234931EE6DF8400884E4E /* Completions.swift in Sources */ = {isa = PBXBuildFile; fileRef = F9B234921EE6DF8400884E4E /* Completions.swift */; };
		F9B234961EE6FE1C00884E4E /* Constants.swift in Sources */ = {isa = PBXBuildFile; fileRef = F9B234951EE6FE1C00884E4E /* Constants.swift */; };
		F9B234971EE6FE1C00884E4E /* Constants.swift in Sources */ = {isa = PBXBuildFile; fileRef = F9B234951EE6FE1C00884E4E /* Constants.swift */; };
		F9B234991EE7532F00884E4E /* LoginManager.swift in Sources */ = {isa = PBXBuildFile; fileRef = F9B234981EE7532F00884E4E /* LoginManager.swift */; };
		F9B2349A1EE7532F00884E4E /* LoginManager.swift in Sources */ = {isa = PBXBuildFile; fileRef = F9B234981EE7532F00884E4E /* LoginManager.swift */; };
/* End PBXBuildFile section */

/* Begin PBXContainerItemProxy section */
		754C461B1EDED11400E2F848 /* PBXContainerItemProxy */ = {
			isa = PBXContainerItemProxy;
			containerPortal = 754C45FE1EDED11400E2F848 /* Project object */;
			proxyType = 1;
			remoteGlobalIDString = 754C46051EDED11400E2F848;
			remoteInfo = VOLA;
		};
/* End PBXContainerItemProxy section */

/* Begin PBXFileReference section */
		192A5878F35DB0A7174DE67C /* Pods-VOLATests.debug.xcconfig */ = {isa = PBXFileReference; includeInIndex = 1; lastKnownFileType = text.xcconfig; name = "Pods-VOLATests.debug.xcconfig"; path = "Pods/Target Support Files/Pods-VOLATests/Pods-VOLATests.debug.xcconfig"; sourceTree = "<group>"; };
		4A0D07B569D2B9142C685959 /* Pods-VOLA.debug.xcconfig */ = {isa = PBXFileReference; includeInIndex = 1; lastKnownFileType = text.xcconfig; name = "Pods-VOLA.debug.xcconfig"; path = "Pods/Target Support Files/Pods-VOLA/Pods-VOLA.debug.xcconfig"; sourceTree = "<group>"; };
		588875E663F4A4AE18E00FFD /* Pods_VOLATests.framework */ = {isa = PBXFileReference; explicitFileType = wrapper.framework; includeInIndex = 0; path = Pods_VOLATests.framework; sourceTree = BUILT_PRODUCTS_DIR; };
		754C46061EDED11400E2F848 /* VOLA.app */ = {isa = PBXFileReference; explicitFileType = wrapper.application; includeInIndex = 0; path = VOLA.app; sourceTree = BUILT_PRODUCTS_DIR; };
		754C46091EDED11400E2F848 /* AppDelegate.swift */ = {isa = PBXFileReference; lastKnownFileType = sourcecode.swift; path = AppDelegate.swift; sourceTree = "<group>"; };
		754C460E1EDED11400E2F848 /* Base */ = {isa = PBXFileReference; lastKnownFileType = file.storyboard; name = Base; path = Base.lproj/Main.storyboard; sourceTree = "<group>"; };
		754C46101EDED11400E2F848 /* Assets.xcassets */ = {isa = PBXFileReference; lastKnownFileType = folder.assetcatalog; path = Assets.xcassets; sourceTree = "<group>"; };
		754C46131EDED11400E2F848 /* Base */ = {isa = PBXFileReference; lastKnownFileType = file.storyboard; name = Base; path = Base.lproj/LaunchScreen.storyboard; sourceTree = "<group>"; };
		754C46151EDED11400E2F848 /* Info.plist */ = {isa = PBXFileReference; lastKnownFileType = text.plist.xml; path = Info.plist; sourceTree = "<group>"; };
		754C461A1EDED11400E2F848 /* VOLATests.xctest */ = {isa = PBXFileReference; explicitFileType = wrapper.cfbundle; includeInIndex = 0; path = VOLATests.xctest; sourceTree = BUILT_PRODUCTS_DIR; };
		754C461E1EDED11400E2F848 /* VOLATests.swift */ = {isa = PBXFileReference; lastKnownFileType = sourcecode.swift; path = VOLATests.swift; sourceTree = "<group>"; };
		754C46201EDED11400E2F848 /* Info.plist */ = {isa = PBXFileReference; lastKnownFileType = text.plist.xml; path = Info.plist; sourceTree = "<group>"; };
		754C46321EDED23A00E2F848 /* Date.swift */ = {isa = PBXFileReference; fileEncoding = 4; lastKnownFileType = sourcecode.swift; path = Date.swift; sourceTree = "<group>"; };
		754C46331EDED23A00E2F848 /* Int+Date.swift */ = {isa = PBXFileReference; fileEncoding = 4; lastKnownFileType = sourcecode.swift; path = "Int+Date.swift"; sourceTree = "<group>"; };
		754C46381EDED2D600E2F848 /* UIView.swift */ = {isa = PBXFileReference; fileEncoding = 4; lastKnownFileType = sourcecode.swift; path = UIView.swift; sourceTree = "<group>"; };
		754C46391EDED2D600E2F848 /* AppDelegateExtension.swift */ = {isa = PBXFileReference; fileEncoding = 4; lastKnownFileType = sourcecode.swift; path = AppDelegateExtension.swift; sourceTree = "<group>"; };
		754C463A1EDED2D600E2F848 /* UIColor.swift */ = {isa = PBXFileReference; fileEncoding = 4; lastKnownFileType = sourcecode.swift; path = UIColor.swift; sourceTree = "<group>"; };
		754C463B1EDED2D600E2F848 /* UIKit+Localization.swift */ = {isa = PBXFileReference; fileEncoding = 4; lastKnownFileType = sourcecode.swift; path = "UIKit+Localization.swift"; sourceTree = "<group>"; };
		754C46401EDED30A00E2F848 /* NSObject.swift */ = {isa = PBXFileReference; fileEncoding = 4; lastKnownFileType = sourcecode.swift; path = NSObject.swift; sourceTree = "<group>"; };
		754C46451EDED34C00E2F848 /* ReachabilityManager.swift */ = {isa = PBXFileReference; fileEncoding = 4; lastKnownFileType = sourcecode.swift; path = ReachabilityManager.swift; sourceTree = "<group>"; };
		754C464C1EDED39800E2F848 /* Logger.swift */ = {isa = PBXFileReference; fileEncoding = 4; lastKnownFileType = sourcecode.swift; path = Logger.swift; sourceTree = "<group>"; };
		754C46521EDED42F00E2F848 /* Theme+Colors.swift */ = {isa = PBXFileReference; fileEncoding = 4; lastKnownFileType = sourcecode.swift; path = "Theme+Colors.swift"; sourceTree = "<group>"; };
		754C46541EDED46700E2F848 /* Theme+Style.swift */ = {isa = PBXFileReference; fileEncoding = 4; lastKnownFileType = sourcecode.swift; path = "Theme+Style.swift"; sourceTree = "<group>"; };
		754C46561EDED48800E2F848 /* Theme+Fonts.swift */ = {isa = PBXFileReference; fileEncoding = 4; lastKnownFileType = sourcecode.swift; path = "Theme+Fonts.swift"; sourceTree = "<group>"; };
		754C46591EDED5B300E2F848 /* UITableView.swift */ = {isa = PBXFileReference; fileEncoding = 4; lastKnownFileType = sourcecode.swift; path = UITableView.swift; sourceTree = "<group>"; };
		7A7E854153F3750AF668D610 /* Pods-VOLA.release.xcconfig */ = {isa = PBXFileReference; includeInIndex = 1; lastKnownFileType = text.xcconfig; name = "Pods-VOLA.release.xcconfig"; path = "Pods/Target Support Files/Pods-VOLA/Pods-VOLA.release.xcconfig"; sourceTree = "<group>"; };
		F30427E5F3B6509DF0ECBD20 /* Pods_VOLA_VOLATests.framework */ = {isa = PBXFileReference; explicitFileType = wrapper.framework; includeInIndex = 0; path = Pods_VOLA_VOLATests.framework; sourceTree = BUILT_PRODUCTS_DIR; };
		F929202E1EEFDDD40055DA69 /* DataManagerUnitTests.swift */ = {isa = PBXFileReference; fileEncoding = 4; lastKnownFileType = sourcecode.swift; path = DataManagerUnitTests.swift; sourceTree = "<group>"; };
		F92920301EEFF18B0055DA69 /* EventTableViewController.swift */ = {isa = PBXFileReference; fileEncoding = 4; lastKnownFileType = sourcecode.swift; path = EventTableViewController.swift; sourceTree = "<group>"; };
		F92920311EEFF18B0055DA69 /* EventTableViewController.xib */ = {isa = PBXFileReference; fileEncoding = 4; lastKnownFileType = file.xib; path = EventTableViewController.xib; sourceTree = "<group>"; };
		F92920341EEFF2660055DA69 /* EventImageCell.swift */ = {isa = PBXFileReference; fileEncoding = 4; lastKnownFileType = sourcecode.swift; path = EventImageCell.swift; sourceTree = "<group>"; };
		F92920351EEFF2660055DA69 /* EventImageCell.xib */ = {isa = PBXFileReference; fileEncoding = 4; lastKnownFileType = file.xib; path = EventImageCell.xib; sourceTree = "<group>"; };
		F92920381EEFF3C30055DA69 /* RegisteredCell.swift */ = {isa = PBXFileReference; fileEncoding = 4; lastKnownFileType = sourcecode.swift; path = RegisteredCell.swift; sourceTree = "<group>"; };
		F92920391EEFF3C30055DA69 /* RegisteredCell.xib */ = {isa = PBXFileReference; fileEncoding = 4; lastKnownFileType = file.xib; path = RegisteredCell.xib; sourceTree = "<group>"; };
		F929203C1EF003D60055DA69 /* Event.swift */ = {isa = PBXFileReference; fileEncoding = 4; lastKnownFileType = sourcecode.swift; path = Event.swift; sourceTree = "<group>"; };
		F929203F1EF0051F0055DA69 /* Location.swift */ = {isa = PBXFileReference; fileEncoding = 4; lastKnownFileType = sourcecode.swift; path = Location.swift; sourceTree = "<group>"; };
		F92920431EF0395D0055DA69 /* ETouchesAPIService.swift */ = {isa = PBXFileReference; fileEncoding = 4; lastKnownFileType = sourcecode.swift; path = ETouchesAPIService.swift; sourceTree = "<group>"; };
		F92920461EF045900055DA69 /* EventRegistrationViewController.swift */ = {isa = PBXFileReference; fileEncoding = 4; lastKnownFileType = sourcecode.swift; path = EventRegistrationViewController.swift; sourceTree = "<group>"; };
		F929204B1EF14B7D0055DA69 /* LoginManagerUnitTests.swift */ = {isa = PBXFileReference; fileEncoding = 4; lastKnownFileType = sourcecode.swift; path = LoginManagerUnitTests.swift; sourceTree = "<group>"; };
		F929204D1EF181B10055DA69 /* String.swift */ = {isa = PBXFileReference; fileEncoding = 4; lastKnownFileType = sourcecode.swift; path = String.swift; sourceTree = "<group>"; };
		F953BFF51EE6D3BD001302F1 /* UIStoryboard.swift */ = {isa = PBXFileReference; fileEncoding = 4; lastKnownFileType = sourcecode.swift; path = UIStoryboard.swift; sourceTree = "<group>"; };
		F98807E31EF1D7BE00589A23 /* GoogleService-Info.plist */ = {isa = PBXFileReference; fileEncoding = 4; lastKnownFileType = text.plist.xml; path = "GoogleService-Info.plist"; sourceTree = "<group>"; };
		F98807E51EF269FC00589A23 /* EventDetailViewController.xib */ = {isa = PBXFileReference; fileEncoding = 4; lastKnownFileType = file.xib; path = EventDetailViewController.xib; sourceTree = "<group>"; };
		F98807E71EF26A2800589A23 /* EventDetailViewController.swift */ = {isa = PBXFileReference; fileEncoding = 4; lastKnownFileType = sourcecode.swift; path = EventDetailViewController.swift; sourceTree = "<group>"; };
		F98807E91EF3DF9700589A23 /* VLCheckbox.swift */ = {isa = PBXFileReference; fileEncoding = 4; lastKnownFileType = sourcecode.swift; path = VLCheckbox.swift; sourceTree = "<group>"; };
		F98807ED1EF4005E00589A23 /* SocialNetworkingAuthenticationStrategy.swift */ = {isa = PBXFileReference; fileEncoding = 4; lastKnownFileType = sourcecode.swift; path = SocialNetworkingAuthenticationStrategy.swift; sourceTree = "<group>"; };
		F9A377F61EE4BD5A00299FD3 /* VOLA-Bridging-Header.h */ = {isa = PBXFileReference; fileEncoding = 4; lastKnownFileType = sourcecode.c.h; path = "VOLA-Bridging-Header.h"; sourceTree = "<group>"; };
		F9A377FA1EE5818900299FD3 /* DataManager.swift */ = {isa = PBXFileReference; fileEncoding = 4; lastKnownFileType = sourcecode.swift; path = DataManager.swift; sourceTree = "<group>"; };
		F9A501B81EE75AEF00AB7E9E /* LoginNavigationController.swift */ = {isa = PBXFileReference; fileEncoding = 4; lastKnownFileType = sourcecode.swift; path = LoginNavigationController.swift; sourceTree = "<group>"; };
		F9A501C01EE7600100AB7E9E /* en */ = {isa = PBXFileReference; lastKnownFileType = text.plist.strings; name = en; path = en.lproj/Localizable.strings; sourceTree = "<group>"; };
		F9A501C21EE7600400AB7E9E /* Base */ = {isa = PBXFileReference; lastKnownFileType = text.plist.strings; name = Base; path = Base.lproj/Localizable.strings; sourceTree = "<group>"; };
		F9A501CB1EE7659300AB7E9E /* Base */ = {isa = PBXFileReference; lastKnownFileType = file.storyboard; name = Base; path = Base.lproj/Login.storyboard; sourceTree = "<group>"; };
		F9A501CF1EE7689400AB7E9E /* VLHyperLabel.swift */ = {isa = PBXFileReference; fileEncoding = 4; lastKnownFileType = sourcecode.swift; path = VLHyperLabel.swift; sourceTree = "<group>"; };
		F9A501D11EE7E97B00AB7E9E /* Errors.swift */ = {isa = PBXFileReference; fileEncoding = 4; lastKnownFileType = sourcecode.swift; path = Errors.swift; sourceTree = "<group>"; };
		F9A501D51EE871BE00AB7E9E /* VLTextField.swift */ = {isa = PBXFileReference; fileEncoding = 4; lastKnownFileType = sourcecode.swift; path = VLTextField.swift; sourceTree = "<group>"; };
		F9A501D71EE8728800AB7E9E /* InputValidation.swift */ = {isa = PBXFileReference; fileEncoding = 4; lastKnownFileType = sourcecode.swift; path = InputValidation.swift; sourceTree = "<group>"; };
		F9A501DA1EEB31E500AB7E9E /* VLViewController.swift */ = {isa = PBXFileReference; fileEncoding = 4; lastKnownFileType = sourcecode.swift; path = VLViewController.swift; sourceTree = "<group>"; };
		F9A501DD1EEBED4800AB7E9E /* ProfileViewController.swift */ = {isa = PBXFileReference; fileEncoding = 4; lastKnownFileType = sourcecode.swift; path = ProfileViewController.swift; sourceTree = "<group>"; };
		F9A501DF1EEC2EE000AB7E9E /* EditProfileViewController.swift */ = {isa = PBXFileReference; fileEncoding = 4; lastKnownFileType = sourcecode.swift; path = EditProfileViewController.swift; sourceTree = "<group>"; };
		F9A501E21EEC44EB00AB7E9E /* IntroductionViewController.swift */ = {isa = PBXFileReference; fileEncoding = 4; lastKnownFileType = sourcecode.swift; path = IntroductionViewController.swift; sourceTree = "<group>"; };
		F9A501E51EEC463500AB7E9E /* IntroSlideView.xib */ = {isa = PBXFileReference; fileEncoding = 4; lastKnownFileType = file.xib; path = IntroSlideView.xib; sourceTree = "<group>"; };
		F9A501E81EEC465500AB7E9E /* IntroSlideView.swift */ = {isa = PBXFileReference; fileEncoding = 4; lastKnownFileType = sourcecode.swift; path = IntroSlideView.swift; sourceTree = "<group>"; };
		F9A501EE1EEC4AD400AB7E9E /* VLTabBarController.swift */ = {isa = PBXFileReference; fileEncoding = 4; lastKnownFileType = sourcecode.swift; path = VLTabBarController.swift; sourceTree = "<group>"; };
		F9A501F11EEC4B7800AB7E9E /* HomeViewController.swift */ = {isa = PBXFileReference; fileEncoding = 4; lastKnownFileType = sourcecode.swift; path = HomeViewController.swift; sourceTree = "<group>"; };
		F9A501F41EEEC39F00AB7E9E /* Profile.storyboard */ = {isa = PBXFileReference; fileEncoding = 4; lastKnownFileType = file.storyboard; path = Profile.storyboard; sourceTree = "<group>"; };
		F9A501F71EEEC59C00AB7E9E /* Home.storyboard */ = {isa = PBXFileReference; fileEncoding = 4; lastKnownFileType = file.storyboard; path = Home.storyboard; sourceTree = "<group>"; };
		F9A501FA1EEEC67700AB7E9E /* Calendar.storyboard */ = {isa = PBXFileReference; fileEncoding = 4; lastKnownFileType = file.storyboard; path = Calendar.storyboard; sourceTree = "<group>"; };
		F9A501FD1EEECCE200AB7E9E /* InputValidationUnitTests.swift */ = {isa = PBXFileReference; fileEncoding = 4; lastKnownFileType = sourcecode.swift; path = InputValidationUnitTests.swift; sourceTree = "<group>"; };
		F9A502251EEEDC2A00AB7E9E /* UIScrollView.swift */ = {isa = PBXFileReference; fileEncoding = 4; lastKnownFileType = sourcecode.swift; path = UIScrollView.swift; sourceTree = "<group>"; };
		F9A502281EEEFBA000AB7E9E /* Intro.swift */ = {isa = PBXFileReference; fileEncoding = 4; lastKnownFileType = sourcecode.swift; path = Intro.swift; sourceTree = "<group>"; };
		F9A5022B1EEF0D3F00AB7E9E /* UserDefaults.swift */ = {isa = PBXFileReference; fileEncoding = 4; lastKnownFileType = sourcecode.swift; path = UserDefaults.swift; sourceTree = "<group>"; };
		F9A5022E1EEF273E00AB7E9E /* XIBInstantiable.swift */ = {isa = PBXFileReference; fileEncoding = 4; lastKnownFileType = sourcecode.swift; path = XIBInstantiable.swift; sourceTree = "<group>"; };
		F9ADA1271EDF39D4006C7FF1 /* LoginViewController.swift */ = {isa = PBXFileReference; fileEncoding = 4; lastKnownFileType = sourcecode.swift; path = LoginViewController.swift; sourceTree = "<group>"; };
		F9ADA1291EDF3CAC006C7FF1 /* LoginManualViewController.swift */ = {isa = PBXFileReference; fileEncoding = 4; lastKnownFileType = sourcecode.swift; path = LoginManualViewController.swift; sourceTree = "<group>"; };
		F9ADA12E1EE2CE53006C7FF1 /* SignUpViewController.swift */ = {isa = PBXFileReference; fileEncoding = 4; lastKnownFileType = sourcecode.swift; path = SignUpViewController.swift; sourceTree = "<group>"; };
		F9ADA1311EE33CEE006C7FF1 /* User.swift */ = {isa = PBXFileReference; fileEncoding = 4; lastKnownFileType = sourcecode.swift; path = User.swift; sourceTree = "<group>"; };
		F9B2348D1EE6D72500884E4E /* UIViewController.swift */ = {isa = PBXFileReference; fileEncoding = 4; lastKnownFileType = sourcecode.swift; path = UIViewController.swift; sourceTree = "<group>"; };
		F9B234921EE6DF8400884E4E /* Completions.swift */ = {isa = PBXFileReference; fileEncoding = 4; lastKnownFileType = sourcecode.swift; path = Completions.swift; sourceTree = "<group>"; };
		F9B234951EE6FE1C00884E4E /* Constants.swift */ = {isa = PBXFileReference; fileEncoding = 4; lastKnownFileType = sourcecode.swift; path = Constants.swift; sourceTree = "<group>"; };
		F9B234981EE7532F00884E4E /* LoginManager.swift */ = {isa = PBXFileReference; fileEncoding = 4; lastKnownFileType = sourcecode.swift; path = LoginManager.swift; sourceTree = "<group>"; };
		FAB96D24D46EF19DA208E1B1 /* Pods_VOLA.framework */ = {isa = PBXFileReference; explicitFileType = wrapper.framework; includeInIndex = 0; path = Pods_VOLA.framework; sourceTree = BUILT_PRODUCTS_DIR; };
		FCC641EE8F46B0B639D1C5E0 /* Pods-VOLATests.release.xcconfig */ = {isa = PBXFileReference; includeInIndex = 1; lastKnownFileType = text.xcconfig; name = "Pods-VOLATests.release.xcconfig"; path = "Pods/Target Support Files/Pods-VOLATests/Pods-VOLATests.release.xcconfig"; sourceTree = "<group>"; };
/* End PBXFileReference section */

/* Begin PBXFrameworksBuildPhase section */
		754C46031EDED11400E2F848 /* Frameworks */ = {
			isa = PBXFrameworksBuildPhase;
			buildActionMask = 2147483647;
			files = (
				0BB3E47C511A732DBADF4368 /* Pods_VOLA.framework in Frameworks */,
			);
			runOnlyForDeploymentPostprocessing = 0;
		};
		754C46171EDED11400E2F848 /* Frameworks */ = {
			isa = PBXFrameworksBuildPhase;
			buildActionMask = 2147483647;
			files = (
			);
			runOnlyForDeploymentPostprocessing = 0;
		};
/* End PBXFrameworksBuildPhase section */

/* Begin PBXGroup section */
		754C45FD1EDED11400E2F848 = {
			isa = PBXGroup;
			children = (
				754C46081EDED11400E2F848 /* VOLA */,
				754C461D1EDED11400E2F848 /* VOLATests */,
				754C46071EDED11400E2F848 /* Products */,
				E5751441BD2F8393FD5E66FE /* Pods */,
				804F3D01F628070DB8EE1677 /* Frameworks */,
			);
			sourceTree = "<group>";
		};
		754C46071EDED11400E2F848 /* Products */ = {
			isa = PBXGroup;
			children = (
				754C46061EDED11400E2F848 /* VOLA.app */,
				754C461A1EDED11400E2F848 /* VOLATests.xctest */,
			);
			name = Products;
			sourceTree = "<group>";
		};
		754C46081EDED11400E2F848 /* VOLA */ = {
			isa = PBXGroup;
			children = (
				F98807E31EF1D7BE00589A23 /* GoogleService-Info.plist */,
				F9A377F61EE4BD5A00299FD3 /* VOLA-Bridging-Header.h */,
				754C46151EDED11400E2F848 /* Info.plist */,
				754C46091EDED11400E2F848 /* AppDelegate.swift */,
				754C462B1EDED1CC00E2F848 /* Helpers */,
				754C46291EDED1AA00E2F848 /* Model */,
				754C462C1EDED1D500E2F848 /* Resources */,
				754C462A1EDED1AE00E2F848 /* Services */,
				754C462D1EDED1E800E2F848 /* Storyboards */,
				754C462E1EDED1F600E2F848 /* ViewControllers */,
				754C462F1EDED20200E2F848 /* Views */,
				F9A501C11EE7600100AB7E9E /* Localizable.strings */,
			);
			path = VOLA;
			sourceTree = "<group>";
		};
		754C461D1EDED11400E2F848 /* VOLATests */ = {
			isa = PBXGroup;
			children = (
				754C46201EDED11400E2F848 /* Info.plist */,
				F929202E1EEFDDD40055DA69 /* DataManagerUnitTests.swift */,
				F9A501FD1EEECCE200AB7E9E /* InputValidationUnitTests.swift */,
				F929204B1EF14B7D0055DA69 /* LoginManagerUnitTests.swift */,
				754C461E1EDED11400E2F848 /* VOLATests.swift */,
			);
			path = VOLATests;
			sourceTree = "<group>";
		};
		754C46291EDED1AA00E2F848 /* Model */ = {
			isa = PBXGroup;
			children = (
				F9ADA1311EE33CEE006C7FF1 /* User.swift */,
				F929203C1EF003D60055DA69 /* Event.swift */,
				F929203F1EF0051F0055DA69 /* Location.swift */,
			);
			name = Model;
			sourceTree = "<group>";
		};
		754C462A1EDED1AE00E2F848 /* Services */ = {
			isa = PBXGroup;
			children = (
				F9A377FA1EE5818900299FD3 /* DataManager.swift */,
				F9B234981EE7532F00884E4E /* LoginManager.swift */,
				F92920431EF0395D0055DA69 /* ETouchesAPIService.swift */,
				F98807ED1EF4005E00589A23 /* SocialNetworkingAuthenticationStrategy.swift */,
			);
			name = Services;
			sourceTree = "<group>";
		};
		754C462B1EDED1CC00E2F848 /* Helpers */ = {
			isa = PBXGroup;
			children = (
				754C46471EDED36200E2F848 /* Util */,
				754C465C1EDED8F900E2F848 /* Extensions */,
				F9B234951EE6FE1C00884E4E /* Constants.swift */,
				F9A502281EEEFBA000AB7E9E /* Intro.swift */,
			);
			name = Helpers;
			sourceTree = "<group>";
		};
		754C462C1EDED1D500E2F848 /* Resources */ = {
			isa = PBXGroup;
			children = (
				754C46581EDED4F900E2F848 /* Fonts */,
				754C46101EDED11400E2F848 /* Assets.xcassets */,
				754C46121EDED11400E2F848 /* LaunchScreen.storyboard */,
				754C46521EDED42F00E2F848 /* Theme+Colors.swift */,
				754C46541EDED46700E2F848 /* Theme+Style.swift */,
				754C46561EDED48800E2F848 /* Theme+Fonts.swift */,
			);
			name = Resources;
			sourceTree = "<group>";
		};
		754C462D1EDED1E800E2F848 /* Storyboards */ = {
			isa = PBXGroup;
			children = (
				F9A501FA1EEEC67700AB7E9E /* Calendar.storyboard */,
				F9A501F71EEEC59C00AB7E9E /* Home.storyboard */,
				F9A501CC1EE7659300AB7E9E /* Login.storyboard */,
				754C460D1EDED11400E2F848 /* Main.storyboard */,
				F9A501F41EEEC39F00AB7E9E /* Profile.storyboard */,
			);
			name = Storyboards;
			sourceTree = "<group>";
		};
		754C462E1EDED1F600E2F848 /* ViewControllers */ = {
			isa = PBXGroup;
			children = (
				F9A501DF1EEC2EE000AB7E9E /* EditProfileViewController.swift */,
				F98807E71EF26A2800589A23 /* EventDetailViewController.swift */,
				F98807E51EF269FC00589A23 /* EventDetailViewController.xib */,
				F92920461EF045900055DA69 /* EventRegistrationViewController.swift */,
				F92920301EEFF18B0055DA69 /* EventTableViewController.swift */,
				F92920311EEFF18B0055DA69 /* EventTableViewController.xib */,
				F9A501F11EEC4B7800AB7E9E /* HomeViewController.swift */,
				F9A501E21EEC44EB00AB7E9E /* IntroductionViewController.swift */,
				F9ADA1291EDF3CAC006C7FF1 /* LoginManualViewController.swift */,
				F9A501B81EE75AEF00AB7E9E /* LoginNavigationController.swift */,
				F9ADA1271EDF39D4006C7FF1 /* LoginViewController.swift */,
				F9A501DD1EEBED4800AB7E9E /* ProfileViewController.swift */,
				F9ADA12E1EE2CE53006C7FF1 /* SignUpViewController.swift */,
				F9A501EE1EEC4AD400AB7E9E /* VLTabBarController.swift */,
				F9A501DA1EEB31E500AB7E9E /* VLViewController.swift */,
			);
			name = ViewControllers;
			sourceTree = "<group>";
		};
		754C462F1EDED20200E2F848 /* Views */ = {
			isa = PBXGroup;
			children = (
				754C46311EDED20B00E2F848 /* Popups */,
				754C46301EDED20800E2F848 /* Cells */,
				F9A501E51EEC463500AB7E9E /* IntroSlideView.xib */,
				F9A501E81EEC465500AB7E9E /* IntroSlideView.swift */,
			);
			name = Views;
			sourceTree = "<group>";
		};
		754C46301EDED20800E2F848 /* Cells */ = {
			isa = PBXGroup;
			children = (
				F92920341EEFF2660055DA69 /* EventImageCell.swift */,
				F92920351EEFF2660055DA69 /* EventImageCell.xib */,
				F92920381EEFF3C30055DA69 /* RegisteredCell.swift */,
				F92920391EEFF3C30055DA69 /* RegisteredCell.xib */,
			);
			name = Cells;
			sourceTree = "<group>";
		};
		754C46311EDED20B00E2F848 /* Popups */ = {
			isa = PBXGroup;
			children = (
			);
			name = Popups;
			sourceTree = "<group>";
		};
		754C46361EDED23F00E2F848 /* Foundation */ = {
			isa = PBXGroup;
			children = (
				754C46401EDED30A00E2F848 /* NSObject.swift */,
				754C46321EDED23A00E2F848 /* Date.swift */,
				754C46331EDED23A00E2F848 /* Int+Date.swift */,
				F9A501D11EE7E97B00AB7E9E /* Errors.swift */,
				F9A5022B1EEF0D3F00AB7E9E /* UserDefaults.swift */,
				F929204D1EF181B10055DA69 /* String.swift */,
			);
			name = Foundation;
			sourceTree = "<group>";
		};
		754C46371EDED28F00E2F848 /* UIKit */ = {
			isa = PBXGroup;
			children = (
				754C46391EDED2D600E2F848 /* AppDelegateExtension.swift */,
				754C463A1EDED2D600E2F848 /* UIColor.swift */,
				754C463B1EDED2D600E2F848 /* UIKit+Localization.swift */,
				F9A502251EEEDC2A00AB7E9E /* UIScrollView.swift */,
				F953BFF51EE6D3BD001302F1 /* UIStoryboard.swift */,
				754C46591EDED5B300E2F848 /* UITableView.swift */,
				754C46381EDED2D600E2F848 /* UIView.swift */,
				F9B2348D1EE6D72500884E4E /* UIViewController.swift */,
				F9A501CF1EE7689400AB7E9E /* VLHyperLabel.swift */,
				F9A501D51EE871BE00AB7E9E /* VLTextField.swift */,
				F9A5022E1EEF273E00AB7E9E /* XIBInstantiable.swift */,
				F98807E91EF3DF9700589A23 /* VLCheckbox.swift */,
			);
			name = UIKit;
			sourceTree = "<group>";
		};
		754C46441EDED31500E2F848 /* Pods */ = {
			isa = PBXGroup;
			children = (
			);
			name = Pods;
			sourceTree = "<group>";
		};
		754C46471EDED36200E2F848 /* Util */ = {
			isa = PBXGroup;
			children = (
				754C464C1EDED39800E2F848 /* Logger.swift */,
				754C46451EDED34C00E2F848 /* ReachabilityManager.swift */,
				F9B234921EE6DF8400884E4E /* Completions.swift */,
				F9A501D71EE8728800AB7E9E /* InputValidation.swift */,
			);
			name = Util;
			sourceTree = "<group>";
		};
		754C46581EDED4F900E2F848 /* Fonts */ = {
			isa = PBXGroup;
			children = (
			);
			name = Fonts;
			sourceTree = "<group>";
		};
		754C465C1EDED8F900E2F848 /* Extensions */ = {
			isa = PBXGroup;
			children = (
				754C46441EDED31500E2F848 /* Pods */,
				754C46371EDED28F00E2F848 /* UIKit */,
				754C46361EDED23F00E2F848 /* Foundation */,
			);
			name = Extensions;
			sourceTree = "<group>";
		};
		804F3D01F628070DB8EE1677 /* Frameworks */ = {
			isa = PBXGroup;
			children = (
				FAB96D24D46EF19DA208E1B1 /* Pods_VOLA.framework */,
				588875E663F4A4AE18E00FFD /* Pods_VOLATests.framework */,
				F30427E5F3B6509DF0ECBD20 /* Pods_VOLA_VOLATests.framework */,
			);
			name = Frameworks;
			sourceTree = "<group>";
		};
		E5751441BD2F8393FD5E66FE /* Pods */ = {
			isa = PBXGroup;
			children = (
				7A7E854153F3750AF668D610 /* Pods-VOLA.release.xcconfig */,
				192A5878F35DB0A7174DE67C /* Pods-VOLATests.debug.xcconfig */,
				FCC641EE8F46B0B639D1C5E0 /* Pods-VOLATests.release.xcconfig */,
				4A0D07B569D2B9142C685959 /* Pods-VOLA.debug.xcconfig */,
			);
			name = Pods;
			sourceTree = "<group>";
		};
/* End PBXGroup section */

/* Begin PBXNativeTarget section */
		754C46051EDED11400E2F848 /* VOLA */ = {
			isa = PBXNativeTarget;
			buildConfigurationList = 754C46231EDED11400E2F848 /* Build configuration list for PBXNativeTarget "VOLA" */;
			buildPhases = (
				2276D89D58BF52FB9FA43F42 /* [CP] Check Pods Manifest.lock */,
				754C46021EDED11400E2F848 /* Sources */,
				754C46031EDED11400E2F848 /* Frameworks */,
				754C46041EDED11400E2F848 /* Resources */,
				91E3B2D43C2C1DB39CA6B3A9 /* [CP] Embed Pods Frameworks */,
				A4DA5155F48CEF2E5AD641DA /* [CP] Copy Pods Resources */,
				754C465B1EDED88700E2F848 /* ShellScript */,
			);
			buildRules = (
			);
			dependencies = (
			);
			name = VOLA;
			productName = VOLA;
			productReference = 754C46061EDED11400E2F848 /* VOLA.app */;
			productType = "com.apple.product-type.application";
		};
		754C46191EDED11400E2F848 /* VOLATests */ = {
			isa = PBXNativeTarget;
			buildConfigurationList = 754C46261EDED11400E2F848 /* Build configuration list for PBXNativeTarget "VOLATests" */;
			buildPhases = (
				754C46161EDED11400E2F848 /* Sources */,
				754C46171EDED11400E2F848 /* Frameworks */,
				754C46181EDED11400E2F848 /* Resources */,
			);
			buildRules = (
			);
			dependencies = (
				754C461C1EDED11400E2F848 /* PBXTargetDependency */,
			);
			name = VOLATests;
			productName = VOLATests;
			productReference = 754C461A1EDED11400E2F848 /* VOLATests.xctest */;
			productType = "com.apple.product-type.bundle.unit-test";
		};
/* End PBXNativeTarget section */

/* Begin PBXProject section */
		754C45FE1EDED11400E2F848 /* Project object */ = {
			isa = PBXProject;
			attributes = {
				LastSwiftUpdateCheck = 0820;
				LastUpgradeCheck = 0820;
				ORGANIZATIONNAME = "Systers-Opensource";
				TargetAttributes = {
					754C46051EDED11400E2F848 = {
						CreatedOnToolsVersion = 8.2.1;
						ProvisioningStyle = Automatic;
					};
					754C46191EDED11400E2F848 = {
						CreatedOnToolsVersion = 8.2.1;
						ProvisioningStyle = Automatic;
						TestTargetID = 754C46051EDED11400E2F848;
					};
				};
			};
			buildConfigurationList = 754C46011EDED11400E2F848 /* Build configuration list for PBXProject "VOLA" */;
			compatibilityVersion = "Xcode 3.2";
			developmentRegion = English;
			hasScannedForEncodings = 0;
			knownRegions = (
				en,
				Base,
			);
			mainGroup = 754C45FD1EDED11400E2F848;
			productRefGroup = 754C46071EDED11400E2F848 /* Products */;
			projectDirPath = "";
			projectRoot = "";
			targets = (
				754C46051EDED11400E2F848 /* VOLA */,
				754C46191EDED11400E2F848 /* VOLATests */,
			);
		};
/* End PBXProject section */

/* Begin PBXResourcesBuildPhase section */
		754C46041EDED11400E2F848 /* Resources */ = {
			isa = PBXResourcesBuildPhase;
			buildActionMask = 2147483647;
			files = (
				F98807E41EF1D7BE00589A23 /* GoogleService-Info.plist in Resources */,
				754C46141EDED11400E2F848 /* LaunchScreen.storyboard in Resources */,
				F929203B1EEFF3C30055DA69 /* RegisteredCell.xib in Resources */,
				F9A501BE1EE7600100AB7E9E /* Localizable.strings in Resources */,
				F9A501F51EEEC39F00AB7E9E /* Profile.storyboard in Resources */,
				F92920331EEFF18B0055DA69 /* EventTableViewController.xib in Resources */,
				F98807E61EF269FC00589A23 /* EventDetailViewController.xib in Resources */,
				F92920371EEFF2660055DA69 /* EventImageCell.xib in Resources */,
				F9A501F81EEEC59C00AB7E9E /* Home.storyboard in Resources */,
				F9A501CA1EE7659300AB7E9E /* Login.storyboard in Resources */,
				754C46111EDED11400E2F848 /* Assets.xcassets in Resources */,
				754C460F1EDED11400E2F848 /* Main.storyboard in Resources */,
				F9A501FB1EEEC67700AB7E9E /* Calendar.storyboard in Resources */,
				F9A501E61EEC463500AB7E9E /* IntroSlideView.xib in Resources */,
			);
			runOnlyForDeploymentPostprocessing = 0;
		};
		754C46181EDED11400E2F848 /* Resources */ = {
			isa = PBXResourcesBuildPhase;
			buildActionMask = 2147483647;
			files = (
				F98807F11EF4067E00589A23 /* EventDetailViewController.xib in Resources */,
				F9A501FC1EEEC67700AB7E9E /* Calendar.storyboard in Resources */,
				F9A501BF1EE7600100AB7E9E /* Localizable.strings in Resources */,
				F98807F31EF4068900589A23 /* EventTableViewController.xib in Resources */,
				F9A5021D1EEED03800AB7E9E /* Login.storyboard in Resources */,
				F9A502211EEED34100AB7E9E /* LaunchScreen.storyboard in Resources */,
				F9A5021E1EEED03D00AB7E9E /* Main.storyboard in Resources */,
				F9A501F91EEEC59C00AB7E9E /* Home.storyboard in Resources */,
				F9A501E71EEC463500AB7E9E /* IntroSlideView.xib in Resources */,
				F9A501F61EEEC39F00AB7E9E /* Profile.storyboard in Resources */,
				F9A502201EEED33D00AB7E9E /* Assets.xcassets in Resources */,
			);
			runOnlyForDeploymentPostprocessing = 0;
		};
/* End PBXResourcesBuildPhase section */

/* Begin PBXShellScriptBuildPhase section */
		2276D89D58BF52FB9FA43F42 /* [CP] Check Pods Manifest.lock */ = {
			isa = PBXShellScriptBuildPhase;
			buildActionMask = 2147483647;
			files = (
			);
			inputPaths = (
			);
			name = "[CP] Check Pods Manifest.lock";
			outputPaths = (
			);
			runOnlyForDeploymentPostprocessing = 0;
			shellPath = /bin/sh;
			shellScript = "diff \"${PODS_PODFILE_DIR_PATH}/Podfile.lock\" \"${PODS_ROOT}/Manifest.lock\" > /dev/null\nif [ $? != 0 ] ; then\n    # print error to STDERR\n    echo \"error: The sandbox is not in sync with the Podfile.lock. Run 'pod install' or update your CocoaPods installation.\" >&2\n    exit 1\nfi\n";
			showEnvVarsInLog = 0;
		};
		754C465B1EDED88700E2F848 /* ShellScript */ = {
			isa = PBXShellScriptBuildPhase;
			buildActionMask = 2147483647;
			files = (
			);
			inputPaths = (
			);
			outputPaths = (
			);
			runOnlyForDeploymentPostprocessing = 0;
			shellPath = /bin/sh;
			shellScript = "${PODS_ROOT}/SwiftLint/swiftlint";
		};
		91E3B2D43C2C1DB39CA6B3A9 /* [CP] Embed Pods Frameworks */ = {
			isa = PBXShellScriptBuildPhase;
			buildActionMask = 2147483647;
			files = (
			);
			inputPaths = (
			);
			name = "[CP] Embed Pods Frameworks";
			outputPaths = (
			);
			runOnlyForDeploymentPostprocessing = 0;
			shellPath = /bin/sh;
			shellScript = "\"${SRCROOT}/Pods/Target Support Files/Pods-VOLA/Pods-VOLA-frameworks.sh\"\n";
			showEnvVarsInLog = 0;
		};
		A4DA5155F48CEF2E5AD641DA /* [CP] Copy Pods Resources */ = {
			isa = PBXShellScriptBuildPhase;
			buildActionMask = 2147483647;
			files = (
			);
			inputPaths = (
			);
			name = "[CP] Copy Pods Resources";
			outputPaths = (
			);
			runOnlyForDeploymentPostprocessing = 0;
			shellPath = /bin/sh;
			shellScript = "\"${SRCROOT}/Pods/Target Support Files/Pods-VOLA/Pods-VOLA-resources.sh\"\n";
			showEnvVarsInLog = 0;
		};
/* End PBXShellScriptBuildPhase section */

/* Begin PBXSourcesBuildPhase section */
		754C46021EDED11400E2F848 /* Sources */ = {
			isa = PBXSourcesBuildPhase;
			buildActionMask = 2147483647;
			files = (
				F9B234961EE6FE1C00884E4E /* Constants.swift in Sources */,
				F9A5022F1EEF273E00AB7E9E /* XIBInstantiable.swift in Sources */,
				F929204E1EF181B10055DA69 /* String.swift in Sources */,
				F9A501D61EE871BE00AB7E9E /* VLTextField.swift in Sources */,
				F9A501B91EE75AEF00AB7E9E /* LoginNavigationController.swift in Sources */,
				F98807E81EF26A2800589A23 /* EventDetailViewController.swift in Sources */,
				754C46551EDED46700E2F848 /* Theme+Style.swift in Sources */,
				F9A377FB1EE5818900299FD3 /* DataManager.swift in Sources */,
				754C463C1EDED2D600E2F848 /* UIView.swift in Sources */,
				F9A501DE1EEBED4800AB7E9E /* ProfileViewController.swift in Sources */,
				F929203A1EEFF3C30055DA69 /* RegisteredCell.swift in Sources */,
				F92920361EEFF2660055DA69 /* EventImageCell.swift in Sources */,
				F92920321EEFF18B0055DA69 /* EventTableViewController.swift in Sources */,
				F9B234991EE7532F00884E4E /* LoginManager.swift in Sources */,
				F929203D1EF003D60055DA69 /* Event.swift in Sources */,
				754C46461EDED34C00E2F848 /* ReachabilityManager.swift in Sources */,
				754C463E1EDED2D600E2F848 /* UIColor.swift in Sources */,
				754C46571EDED48800E2F848 /* Theme+Fonts.swift in Sources */,
				F9A501E01EEC2EE000AB7E9E /* EditProfileViewController.swift in Sources */,
				F953BFF61EE6D3BD001302F1 /* UIStoryboard.swift in Sources */,
				F9B234931EE6DF8400884E4E /* Completions.swift in Sources */,
				F9A502291EEEFBA000AB7E9E /* Intro.swift in Sources */,
				F9A502261EEEDC2A00AB7E9E /* UIScrollView.swift in Sources */,
				F9A501D81EE8728800AB7E9E /* InputValidation.swift in Sources */,
				F92920401EF0051F0055DA69 /* Location.swift in Sources */,
				F9A5022C1EEF0D3F00AB7E9E /* UserDefaults.swift in Sources */,
				F9ADA12F1EE2CE53006C7FF1 /* SignUpViewController.swift in Sources */,
				F9ADA12A1EDF3CAC006C7FF1 /* LoginManualViewController.swift in Sources */,
				F9A501DB1EEB31E500AB7E9E /* VLViewController.swift in Sources */,
				754C46511EDED39800E2F848 /* Logger.swift in Sources */,
				F92920441EF0395D0055DA69 /* ETouchesAPIService.swift in Sources */,
				F98807EE1EF4005E00589A23 /* SocialNetworkingAuthenticationStrategy.swift in Sources */,
				754C46421EDED30A00E2F848 /* NSObject.swift in Sources */,
				754C46351EDED23A00E2F848 /* Int+Date.swift in Sources */,
				F9A501D01EE7689400AB7E9E /* VLHyperLabel.swift in Sources */,
				F9A501E31EEC44EC00AB7E9E /* IntroductionViewController.swift in Sources */,
				F9A501F21EEC4B7800AB7E9E /* HomeViewController.swift in Sources */,
				754C46341EDED23A00E2F848 /* Date.swift in Sources */,
				F9B2348E1EE6D72500884E4E /* UIViewController.swift in Sources */,
				F9A501D21EE7E97B00AB7E9E /* Errors.swift in Sources */,
				754C465A1EDED5B400E2F848 /* UITableView.swift in Sources */,
				754C463F1EDED2D600E2F848 /* UIKit+Localization.swift in Sources */,
				F9ADA1281EDF39D4006C7FF1 /* LoginViewController.swift in Sources */,
				F9ADA1321EE33CEE006C7FF1 /* User.swift in Sources */,
				F92920471EF045900055DA69 /* EventRegistrationViewController.swift in Sources */,
				754C463D1EDED2D600E2F848 /* AppDelegateExtension.swift in Sources */,
				F9A501E91EEC465500AB7E9E /* IntroSlideView.swift in Sources */,
				F98807EA1EF3DF9700589A23 /* VLCheckbox.swift in Sources */,
				754C460A1EDED11400E2F848 /* AppDelegate.swift in Sources */,
				754C46531EDED42F00E2F848 /* Theme+Colors.swift in Sources */,
				F9A501EF1EEC4AD400AB7E9E /* VLTabBarController.swift in Sources */,
			);
			runOnlyForDeploymentPostprocessing = 0;
		};
		754C46161EDED11400E2F848 /* Sources */ = {
			isa = PBXSourcesBuildPhase;
			buildActionMask = 2147483647;
			files = (
				F9A502061EEED00D00AB7E9E /* LoginViewController.swift in Sources */,
				F9ADA1301EE2CE53006C7FF1 /* SignUpViewController.swift in Sources */,
				F9A502171EEED01F00AB7E9E /* VLHyperLabel.swift in Sources */,
				F9A5021A1EEED02300AB7E9E /* Date.swift in Sources */,
				F9A502021EEED00600AB7E9E /* ReachabilityManager.swift in Sources */,
				F9A502301EEF273E00AB7E9E /* XIBInstantiable.swift in Sources */,
				F9A501E41EEC44EC00AB7E9E /* IntroductionViewController.swift in Sources */,
				F9A502051EEED00D00AB7E9E /* LoginManualViewController.swift in Sources */,
				F9A502071EEED00D00AB7E9E /* ProfileViewController.swift in Sources */,
				F98807F01EF4063500589A23 /* VLCheckbox.swift in Sources */,
				F9A377FC1EE5818900299FD3 /* DataManager.swift in Sources */,
				F9A502111EEED01F00AB7E9E /* UIView.swift in Sources */,
				F9A5022A1EEEFBA000AB7E9E /* Intro.swift in Sources */,
				F92920481EF045900055DA69 /* EventRegistrationViewController.swift in Sources */,
				F929203E1EF003D60055DA69 /* Event.swift in Sources */,
				F9A502241EEED34500AB7E9E /* Theme+Fonts.swift in Sources */,
				F9A502101EEED01F00AB7E9E /* UITableView.swift in Sources */,
				F9A502271EEEDC2A00AB7E9E /* UIScrollView.swift in Sources */,
				F929202F1EEFDDD40055DA69 /* DataManagerUnitTests.swift in Sources */,
				F9A501FE1EEECCE200AB7E9E /* InputValidationUnitTests.swift in Sources */,
				F9A501F01EEC4AD400AB7E9E /* VLTabBarController.swift in Sources */,
				F9A5022D1EEF0D3F00AB7E9E /* UserDefaults.swift in Sources */,
				F9B2349A1EE7532F00884E4E /* LoginManager.swift in Sources */,
				F9A502191EEED02300AB7E9E /* NSObject.swift in Sources */,
				F92920411EF0051F0055DA69 /* Location.swift in Sources */,
				F9A502011EEED00600AB7E9E /* Logger.swift in Sources */,
				F92920421EF008B20055DA69 /* EventTableViewController.swift in Sources */,
				F9A502031EEED00600AB7E9E /* Completions.swift in Sources */,
				F9A502161EEED01F00AB7E9E /* UIViewController.swift in Sources */,
				F9A5021F1EEED06C00AB7E9E /* AppDelegate.swift in Sources */,
				F9A501EA1EEC465500AB7E9E /* IntroSlideView.swift in Sources */,
				F9A501DC1EEB31E500AB7E9E /* VLViewController.swift in Sources */,
				F9ADA1331EE33CEE006C7FF1 /* User.swift in Sources */,
				F9A501F31EEC4B7800AB7E9E /* HomeViewController.swift in Sources */,
				F98807EF1EF405A700589A23 /* SocialNetworkingAuthenticationStrategy.swift in Sources */,
				F9A501E11EEC2EE000AB7E9E /* EditProfileViewController.swift in Sources */,
				F9A5021B1EEED02300AB7E9E /* Int+Date.swift in Sources */,
				F9A502141EEED01F00AB7E9E /* UIKit+Localization.swift in Sources */,
				F9A502131EEED01F00AB7E9E /* UIColor.swift in Sources */,
				754C461F1EDED11400E2F848 /* VOLATests.swift in Sources */,
				F9A502041EEED00600AB7E9E /* InputValidation.swift in Sources */,
				F9A502221EEED34500AB7E9E /* Theme+Colors.swift in Sources */,
				F98807F21EF4068300589A23 /* EventDetailViewController.swift in Sources */,
				F9A502181EEED01F00AB7E9E /* VLTextField.swift in Sources */,
				F929204C1EF14B7D0055DA69 /* LoginManagerUnitTests.swift in Sources */,
				F92920451EF0395D0055DA69 /* ETouchesAPIService.swift in Sources */,
				F9A501BA1EE75AEF00AB7E9E /* LoginNavigationController.swift in Sources */,
				F9A5021C1EEED02300AB7E9E /* Errors.swift in Sources */,
				F9A502151EEED01F00AB7E9E /* UIStoryboard.swift in Sources */,
				F9A502121EEED01F00AB7E9E /* AppDelegateExtension.swift in Sources */,
				F9B234971EE6FE1C00884E4E /* Constants.swift in Sources */,
				F9A502231EEED34500AB7E9E /* Theme+Style.swift in Sources */,
			);
			runOnlyForDeploymentPostprocessing = 0;
		};
/* End PBXSourcesBuildPhase section */

/* Begin PBXTargetDependency section */
		754C461C1EDED11400E2F848 /* PBXTargetDependency */ = {
			isa = PBXTargetDependency;
			target = 754C46051EDED11400E2F848 /* VOLA */;
			targetProxy = 754C461B1EDED11400E2F848 /* PBXContainerItemProxy */;
		};
/* End PBXTargetDependency section */

/* Begin PBXVariantGroup section */
		754C460D1EDED11400E2F848 /* Main.storyboard */ = {
			isa = PBXVariantGroup;
			children = (
				754C460E1EDED11400E2F848 /* Base */,
			);
			name = Main.storyboard;
			sourceTree = "<group>";
		};
		754C46121EDED11400E2F848 /* LaunchScreen.storyboard */ = {
			isa = PBXVariantGroup;
			children = (
				754C46131EDED11400E2F848 /* Base */,
			);
			name = LaunchScreen.storyboard;
			sourceTree = "<group>";
		};
		F9A501C11EE7600100AB7E9E /* Localizable.strings */ = {
			isa = PBXVariantGroup;
			children = (
				F9A501C01EE7600100AB7E9E /* en */,
				F9A501C21EE7600400AB7E9E /* Base */,
			);
			name = Localizable.strings;
			sourceTree = "<group>";
		};
		F9A501CC1EE7659300AB7E9E /* Login.storyboard */ = {
			isa = PBXVariantGroup;
			children = (
				F9A501CB1EE7659300AB7E9E /* Base */,
			);
			name = Login.storyboard;
			sourceTree = "<group>";
		};
/* End PBXVariantGroup section */

/* Begin XCBuildConfiguration section */
		754C46211EDED11400E2F848 /* Debug */ = {
			isa = XCBuildConfiguration;
			buildSettings = {
				ALWAYS_SEARCH_USER_PATHS = NO;
				CLANG_ANALYZER_NONNULL = YES;
				CLANG_CXX_LANGUAGE_STANDARD = "gnu++0x";
				CLANG_CXX_LIBRARY = "libc++";
				CLANG_ENABLE_MODULES = YES;
				CLANG_ENABLE_OBJC_ARC = YES;
				CLANG_WARN_BOOL_CONVERSION = YES;
				CLANG_WARN_CONSTANT_CONVERSION = YES;
				CLANG_WARN_DIRECT_OBJC_ISA_USAGE = YES_ERROR;
				CLANG_WARN_DOCUMENTATION_COMMENTS = YES;
				CLANG_WARN_EMPTY_BODY = YES;
				CLANG_WARN_ENUM_CONVERSION = YES;
				CLANG_WARN_INFINITE_RECURSION = YES;
				CLANG_WARN_INT_CONVERSION = YES;
				CLANG_WARN_OBJC_ROOT_CLASS = YES_ERROR;
				CLANG_WARN_SUSPICIOUS_MOVE = YES;
				CLANG_WARN_UNREACHABLE_CODE = YES;
				CLANG_WARN__DUPLICATE_METHOD_MATCH = YES;
				"CODE_SIGN_IDENTITY[sdk=iphoneos*]" = "iPhone Developer";
				COPY_PHASE_STRIP = NO;
				DEBUG_INFORMATION_FORMAT = dwarf;
				ENABLE_STRICT_OBJC_MSGSEND = YES;
				ENABLE_TESTABILITY = YES;
				GCC_C_LANGUAGE_STANDARD = gnu99;
				GCC_DYNAMIC_NO_PIC = NO;
				GCC_NO_COMMON_BLOCKS = YES;
				GCC_OPTIMIZATION_LEVEL = 0;
				GCC_PREPROCESSOR_DEFINITIONS = (
					"DEBUG=1",
					"$(inherited)",
				);
				GCC_WARN_64_TO_32_BIT_CONVERSION = YES;
				GCC_WARN_ABOUT_RETURN_TYPE = YES_ERROR;
				GCC_WARN_UNDECLARED_SELECTOR = YES;
				GCC_WARN_UNINITIALIZED_AUTOS = YES_AGGRESSIVE;
				GCC_WARN_UNUSED_FUNCTION = YES;
				GCC_WARN_UNUSED_VARIABLE = YES;
				IPHONEOS_DEPLOYMENT_TARGET = 9.0;
				MTL_ENABLE_DEBUG_INFO = YES;
				ONLY_ACTIVE_ARCH = YES;
				SDKROOT = iphoneos;
				SWIFT_ACTIVE_COMPILATION_CONDITIONS = DEBUG;
				SWIFT_OBJC_BRIDGING_HEADER = "$(PROJECT_DIR)/$(PROJECT_NAME)/VOLA-Bridging-Header.h";
				SWIFT_OPTIMIZATION_LEVEL = "-Onone";
			};
			name = Debug;
		};
		754C46221EDED11400E2F848 /* Release */ = {
			isa = XCBuildConfiguration;
			buildSettings = {
				ALWAYS_SEARCH_USER_PATHS = NO;
				CLANG_ANALYZER_NONNULL = YES;
				CLANG_CXX_LANGUAGE_STANDARD = "gnu++0x";
				CLANG_CXX_LIBRARY = "libc++";
				CLANG_ENABLE_MODULES = YES;
				CLANG_ENABLE_OBJC_ARC = YES;
				CLANG_WARN_BOOL_CONVERSION = YES;
				CLANG_WARN_CONSTANT_CONVERSION = YES;
				CLANG_WARN_DIRECT_OBJC_ISA_USAGE = YES_ERROR;
				CLANG_WARN_DOCUMENTATION_COMMENTS = YES;
				CLANG_WARN_EMPTY_BODY = YES;
				CLANG_WARN_ENUM_CONVERSION = YES;
				CLANG_WARN_INFINITE_RECURSION = YES;
				CLANG_WARN_INT_CONVERSION = YES;
				CLANG_WARN_OBJC_ROOT_CLASS = YES_ERROR;
				CLANG_WARN_SUSPICIOUS_MOVE = YES;
				CLANG_WARN_UNREACHABLE_CODE = YES;
				CLANG_WARN__DUPLICATE_METHOD_MATCH = YES;
				"CODE_SIGN_IDENTITY[sdk=iphoneos*]" = "iPhone Developer";
				COPY_PHASE_STRIP = NO;
				DEBUG_INFORMATION_FORMAT = "dwarf-with-dsym";
				ENABLE_NS_ASSERTIONS = NO;
				ENABLE_STRICT_OBJC_MSGSEND = YES;
				GCC_C_LANGUAGE_STANDARD = gnu99;
				GCC_NO_COMMON_BLOCKS = YES;
				GCC_WARN_64_TO_32_BIT_CONVERSION = YES;
				GCC_WARN_ABOUT_RETURN_TYPE = YES_ERROR;
				GCC_WARN_UNDECLARED_SELECTOR = YES;
				GCC_WARN_UNINITIALIZED_AUTOS = YES_AGGRESSIVE;
				GCC_WARN_UNUSED_FUNCTION = YES;
				GCC_WARN_UNUSED_VARIABLE = YES;
				IPHONEOS_DEPLOYMENT_TARGET = 9.0;
				MTL_ENABLE_DEBUG_INFO = NO;
				SDKROOT = iphoneos;
				SWIFT_OBJC_BRIDGING_HEADER = "$(PROJECT_DIR)/$(PROJECT_NAME)/VOLA-Bridging-Header.h";
				SWIFT_OPTIMIZATION_LEVEL = "-Owholemodule";
				VALIDATE_PRODUCT = YES;
			};
			name = Release;
		};
		754C46241EDED11400E2F848 /* Debug */ = {
			isa = XCBuildConfiguration;
			baseConfigurationReference = 4A0D07B569D2B9142C685959 /* Pods-VOLA.debug.xcconfig */;
			buildSettings = {
				ASSETCATALOG_COMPILER_APPICON_NAME = AppIcon;
				INFOPLIST_FILE = VOLA/Info.plist;
				IPHONEOS_DEPLOYMENT_TARGET = 9.0;
				LD_RUNPATH_SEARCH_PATHS = "$(inherited) @executable_path/Frameworks";
				PRODUCT_BUNDLE_IDENTIFIER = com.systers.vola.VOLA;
				PRODUCT_NAME = "$(TARGET_NAME)";
				SWIFT_OBJC_BRIDGING_HEADER = "$(PROJECT_DIR)/$(PROJECT_NAME)/VOLA-Bridging-Header.h";
				SWIFT_VERSION = 3.0;
			};
			name = Debug;
		};
		754C46251EDED11400E2F848 /* Release */ = {
			isa = XCBuildConfiguration;
			baseConfigurationReference = 7A7E854153F3750AF668D610 /* Pods-VOLA.release.xcconfig */;
			buildSettings = {
				ASSETCATALOG_COMPILER_APPICON_NAME = AppIcon;
				INFOPLIST_FILE = VOLA/Info.plist;
				IPHONEOS_DEPLOYMENT_TARGET = 9.0;
				LD_RUNPATH_SEARCH_PATHS = "$(inherited) @executable_path/Frameworks";
				PRODUCT_BUNDLE_IDENTIFIER = com.systers.vola.VOLA;
				PRODUCT_NAME = "$(TARGET_NAME)";
				SWIFT_OBJC_BRIDGING_HEADER = "$(PROJECT_DIR)/$(PROJECT_NAME)/VOLA-Bridging-Header.h";
				SWIFT_VERSION = 3.0;
			};
			name = Release;
		};
		754C46271EDED11400E2F848 /* Debug */ = {
			isa = XCBuildConfiguration;
			baseConfigurationReference = 4A0D07B569D2B9142C685959 /* Pods-VOLA.debug.xcconfig */;
			buildSettings = {
				ALWAYS_EMBED_SWIFT_STANDARD_LIBRARIES = YES;
				BUNDLE_LOADER = "$(TEST_HOST)";
				INFOPLIST_FILE = VOLATests/Info.plist;
				LD_RUNPATH_SEARCH_PATHS = "$(inherited) @executable_path/Frameworks @loader_path/Frameworks";
				PRODUCT_BUNDLE_IDENTIFIER = com.systers.vola.VOLATests;
				PRODUCT_NAME = "$(TARGET_NAME)";
				SWIFT_OBJC_BRIDGING_HEADER = "$(PROJECT_DIR)/$(PROJECT_NAME)/VOLA-Bridging-Header.h";
				SWIFT_VERSION = 3.0;
				TEST_HOST = "$(BUILT_PRODUCTS_DIR)/VOLA.app/VOLA";
			};
			name = Debug;
		};
		754C46281EDED11400E2F848 /* Release */ = {
			isa = XCBuildConfiguration;
			buildSettings = {
				ALWAYS_EMBED_SWIFT_STANDARD_LIBRARIES = YES;
				BUNDLE_LOADER = "$(TEST_HOST)";
				INFOPLIST_FILE = VOLATests/Info.plist;
				LD_RUNPATH_SEARCH_PATHS = "$(inherited) @executable_path/Frameworks @loader_path/Frameworks";
				PRODUCT_BUNDLE_IDENTIFIER = com.systers.vola.VOLATests;
				PRODUCT_NAME = "$(TARGET_NAME)";
				SWIFT_OBJC_BRIDGING_HEADER = "$(PROJECT_DIR)/$(PROJECT_NAME)/VOLA-Bridging-Header.h";
				SWIFT_VERSION = 3.0;
				TEST_HOST = "$(BUILT_PRODUCTS_DIR)/VOLA.app/VOLA";
			};
			name = Release;
		};
/* End XCBuildConfiguration section */

/* Begin XCConfigurationList section */
		754C46011EDED11400E2F848 /* Build configuration list for PBXProject "VOLA" */ = {
			isa = XCConfigurationList;
			buildConfigurations = (
				754C46211EDED11400E2F848 /* Debug */,
				754C46221EDED11400E2F848 /* Release */,
			);
			defaultConfigurationIsVisible = 0;
			defaultConfigurationName = Release;
		};
		754C46231EDED11400E2F848 /* Build configuration list for PBXNativeTarget "VOLA" */ = {
			isa = XCConfigurationList;
			buildConfigurations = (
				754C46241EDED11400E2F848 /* Debug */,
				754C46251EDED11400E2F848 /* Release */,
			);
			defaultConfigurationIsVisible = 0;
			defaultConfigurationName = Release;
		};
		754C46261EDED11400E2F848 /* Build configuration list for PBXNativeTarget "VOLATests" */ = {
			isa = XCConfigurationList;
			buildConfigurations = (
				754C46271EDED11400E2F848 /* Debug */,
				754C46281EDED11400E2F848 /* Release */,
			);
			defaultConfigurationIsVisible = 0;
			defaultConfigurationName = Release;
		};
/* End XCConfigurationList section */
	};
	rootObject = 754C45FE1EDED11400E2F848 /* Project object */;
}
